# THIS IS AN AUTOGENERATED FILE. DO NOT EDIT THIS FILE DIRECTLY.
# yarn lockfile v1


"@slynova/slug@^1.1.2":
  version "1.1.2"
  resolved "https://registry.yarnpkg.com/@slynova/slug/-/slug-1.1.2.tgz#c6289781da191b3ea386d678843cb7a7db7844e8"
  integrity sha512-lFJRP4rqRxqxMjEnIih84jvQC6Xc4a3Yi0Z3gbemWOJX60HBBqEFfFrudmYYA+ga46b6Gxv7ofguZ9+ghl1EMg==
  dependencies:
    charmap "^1.1.6"
    lodash.kebabcase "^4.1.1"

charmap@^1.1.6:
  version "1.1.6"
  resolved "https://registry.yarnpkg.com/charmap/-/charmap-1.1.6.tgz#c81f41fb7870523feb268e4a4451b6abb67131cb"
  integrity sha512-BfgDyIZOETYrvthjHHLY44S3s21o/VRZoLBSbJbbMs/k2XluBvdayklV4BBs4tB0MgiUgAPRWoOkYeBLk58R1w==
  dependencies:
    es6-object-assign "^1.1.0"

date-fns@1.30.1:
  version "1.30.1"
  resolved "https://registry.yarnpkg.com/date-fns/-/date-fns-1.30.1.tgz#2e71bf0b119153dbb4cc4e88d9ea5acfb50dc05c"
  integrity sha512-hBSVCvSmWC+QypYObzwGOd9wqdDpOt+0wl0KbU+R+uuZBS1jN8VsD1ss3irQDknRj5NvxiTF6oj/nDRnN/UQNw==

es6-object-assign@^1.1.0:
  version "1.1.0"
  resolved "https://registry.yarnpkg.com/es6-object-assign/-/es6-object-assign-1.1.0.tgz#c2c3582656247c39ea107cb1e6652b6f9f24523c"
  integrity sha1-wsNYJlYkfDnqEHyx5mUrb58kUjw=

haye@^2.0.2:
  version "2.0.2"
  resolved "https://registry.yarnpkg.com/haye/-/haye-2.0.2.tgz#758043af17e3d5014cece82a3fc23525d4704ff3"
  integrity sha512-C+jeFipAuwLLmQziwQrXuHzUIihDzqoLpCpwDWYFQVCIyqi5ZvC+4YtzawPTmd1tIKo0ULf+4P0Mw8irUdXIpg==

indicative-compiler@^7.2.4:
  version "7.2.4"
  resolved "https://registry.yarnpkg.com/indicative-compiler/-/indicative-compiler-7.2.4.tgz#074b7edb7dd794b54ce25bf9385b0915dd49bd33"
  integrity sha512-rKD3x2XHhL5BVX8VB78hWZMpofEa3LDZbHgGVJKjo8QrTJ4VLtKEugTPD9LpYIKdqLhMlXCPrfZrTQF6zPbtjw==
  dependencies:
    indicative-parser "^7.1.4"
    isobject "^4.0.0"
    lodash.get "^4.4.2"
    lodash.set "^4.3.2"
    pope "^2.0.2"

indicative-formatters@^7.2.4:
  version "7.2.4"
  resolved "https://registry.yarnpkg.com/indicative-formatters/-/indicative-formatters-7.2.4.tgz#feab5a2157ddae18244ab8d8cc71ac4738cfce2b"
  integrity sha512-aBWoAhmaRjQtjAEhFTJFJo23oWkRB9poF6ohB6COzTdLzUVUZffGtvb4m9WRUvzYyT+88OJn2vE82l84qL1K6A==

indicative-parser@^7.1.4:
  version "7.1.4"
  resolved "https://registry.yarnpkg.com/indicative-parser/-/indicative-parser-7.1.4.tgz#df3ffa3a9fbb1cccc6d618768dba48b5d2372c31"
  integrity sha512-okVq0gn576+QcZVvif+9tOilGEnq2xwADA9fR+zFsbKYsyZ/KvpQxui/XX0VJSZ4uYZ1gv4I/axxzwRb7BK1yw==
  dependencies:
    haye "^2.0.2"

indicative-rules@^7.3.1:
  version "7.3.1"
  resolved "https://registry.yarnpkg.com/indicative-rules/-/indicative-rules-7.3.1.tgz#b248e182b6fdf962b63122433adcaea1c7511c40"
  integrity sha512-uc74k9MqWigI2Zb6iRqRQXE5qWLvOFJp+GmGotRFQIbd0yi8ZBzyW+Y3c7Szgm7bzIoYdCj+eWpqOOjEiUv/YQ==
  dependencies:
    "@slynova/slug" "^1.1.2"
    date-fns "1.30.1"
    indicative-utils "^7.0.4"
    pluralize "^8.0.0"
    striptags "^3.1.1"
    validator "^12.1.0"

indicative-utils@^7.0.4:
  version "7.0.4"
  resolved "https://registry.yarnpkg.com/indicative-utils/-/indicative-utils-7.0.4.tgz#a988d2c17d1cbb3bafd1d8e2314df53d56ad89e3"
  integrity sha512-PQC7JsRZhiYDvdDeB/qjXFmHRimiOzm7IvoPalXByI1U8CU+/iWrPWQpwl2NajPEuIZjwZABxcc3JEt3ZJ8XeQ==
  dependencies:
    lodash.get "^4.4.2"

indicative@^7.4.4:
  version "7.4.4"
  resolved "https://registry.yarnpkg.com/indicative/-/indicative-7.4.4.tgz#e9b98e44dd544f55072fbfabada2956083534e51"
  integrity sha512-vYN9jLQSQt7j9soyRQFiaIiKDz2bOtNTejcNuQFoplcTmmSFC9LKW2+M8o1WGPLRGa3XB891vFbR72DTipC2qw==
  dependencies:
    indicative-compiler "^7.2.4"
    indicative-formatters "^7.2.4"
    indicative-parser "^7.1.4"
    indicative-rules "^7.3.1"

isobject@^4.0.0:
  version "4.0.0"
  resolved "https://registry.yarnpkg.com/isobject/-/isobject-4.0.0.tgz#3f1c9155e73b192022a80819bacd0343711697b0"
  integrity sha512-S/2fF5wH8SJA/kmwr6HYhK/RI/OkhD84k8ntalo0iJjZikgq1XFvR5M8NPT1x5F7fBwCG3qHfnzeP/Vh/ZxCUA==

lodash.get@^4.4.2:
  version "4.4.2"
  resolved "https://registry.yarnpkg.com/lodash.get/-/lodash.get-4.4.2.tgz#2d177f652fa31e939b4438d5341499dfa3825e99"
  integrity sha1-LRd/ZS+jHpObRDjVNBSZ36OCXpk=

lodash.kebabcase@^4.1.1:
  version "4.1.1"
  resolved "https://registry.yarnpkg.com/lodash.kebabcase/-/lodash.kebabcase-4.1.1.tgz#8489b1cb0d29ff88195cceca448ff6d6cc295c36"
  integrity sha1-hImxyw0p/4gZXM7KRI/21swpXDY=

lodash.set@^4.3.2:
  version "4.3.2"
  resolved "https://registry.yarnpkg.com/lodash.set/-/lodash.set-4.3.2.tgz#d8757b1da807dde24816b0d6a84bea1a76230b23"
  integrity sha1-2HV7HagH3eJIFrDWqEvqGnYjCyM=

pluralize@^8.0.0:
  version "8.0.0"
  resolved "https://registry.yarnpkg.com/pluralize/-/pluralize-8.0.0.tgz#1a6fa16a38d12a1901e0320fa017051c539ce3b1"
  integrity sha512-Nc3IT5yHzflTfbjgqWcCPpo7DaKy4FnpB0l/zCAW0Tc7jxAiuqSxHasntB3D7887LSrA93kDJ9IXovxJYxyLCA==

pope@^2.0.2:
  version "2.0.2"
  resolved "https://registry.yarnpkg.com/pope/-/pope-2.0.2.tgz#a86a48536b341286ef4b1682452860635ed2b1ee"
  integrity sha512-baN7bEN2IZvjQEbm14Y+evCkKqXSshB8VrD8/DtxuDw9Qz4weg63ypT5xnd/GSoYE9X2YYIjR6Xy3wQoVc2ymg==

striptags@^3.1.1:
  version "3.1.1"
  resolved "https://registry.yarnpkg.com/striptags/-/striptags-3.1.1.tgz#c8c3e7fdd6fb4bb3a32a3b752e5b5e3e38093ebd"
  integrity sha1-yMPn/db7S7OjKjt1LltePjgJPr0=

validator@^12.1.0:
  version "12.2.0"
  resolved "https://registry.yarnpkg.com/validator/-/validator-12.2.0.tgz#660d47e96267033fd070096c3b1a6f2db4380a0a"
  integrity sha512-jJfE/DW6tIK1Ek8nCfNFqt8Wb3nzMoAbocBF6/Icgg1ZFSBpObdnwVY2jQj6qUqzhx5jc71fpvBWyLGO7Xl+nQ==
